
Microsoft Visual Studio Solution File, Format Version 12.00
# Visual Studio 15
VisualStudioVersion = 15.0.28010.2050
MinimumVisualStudioVersion = 10.0.40219.1
Project("{FAE04EC0-301F-11D3-BF4B-00C04F79EFBC}") = "StudentEnumerator", "StudentEnumerator\StudentEnumerator.csproj", "{B9598CBA-C3A5-41AA-BA9E-F89A3832009B}"
EndProject
Project("{FAE04EC0-301F-11D3-BF4B-00C04F79EFBC}") = "StudentEnumerator.Tests", "StudentEnumerator.Tests\StudentEnumerator.Tests.csproj", "{42D0C676-68EF-447F-B3FB-505456005C6C}"
EndProject
Global
	GlobalSection(SolutionConfigurationPlatforms) = preSolution
		Debug|Any CPU = Debug|Any CPU
		Release|Any CPU = Release|Any CPU
	EndGlobalSection
	GlobalSection(ProjectConfigurationPlatforms) = postSolution
		{B9598CBA-C3A5-41AA-BA9E-F89A3832009B}.Debug|Any CPU.ActiveCfg = Debug|Any CPU
		{B9598CBA-C3A5-41AA-BA9E-F89A3832009B}.Debug|Any CPU.Build.0 = Debug|Any CPU
		{B9598CBA-C3A5-41AA-BA9E-F89A3832009B}.Release|Any CPU.ActiveCfg = Release|Any CPU
		{B9598CBA-C3A5-41AA-BA9E-F89A3832009B}.Release|Any CPU.Build.0 = Release|Any CPU
		{42D0C676-68EF-447F-B3FB-505456005C6C}.Debug|Any CPU.ActiveCfg = Debug|Any CPU
		{42D0C676-68EF-447F-B3FB-505456005C6C}.Debug|Any CPU.Build.0 = Debug|Any CPU
		{42D0C676-68EF-447F-B3FB-505456005C6C}.Release|Any CPU.ActiveCfg = Release|Any CPU
		{42D0C676-68EF-447F-B3FB-505456005C6C}.Release|Any CPU.Build.0 = Release|Any CPU
	EndGlobalSection
	GlobalSection(SolutionProperties) = preSolution
		HideSolutionNode = FALSE
	EndGlobalSection
	GlobalSection(ExtensibilityGlobals) = postSolution
		SolutionGuid = {67532702-0258-4735-926B-F06C259D7477}
	EndGlobalSection
EndGlobal
